{
  "nodes": {
    "helium": {
      "inputs": {
        "nixpkgs": [
          "nixpkgs"
        ],
        "nixpkgs-darwin": "nixpkgs-darwin",
        "utils": "utils"
      },
      "locked": {
        "lastModified": 1786018481,
        "narHash": "sha256-EXAFX1ynjvC6LaWysOXDTg5UqotJ+OW84poGe4mKrKw=",
        "owner": "schembriaiden",
        "repo": "helium-browser-nix-flake",
        "rev": "abd8c2de2a67db7371388edfc5f6c080012d6adf",
        "type": "github"
      },
      "original": {
        "owner": "schembriaiden",
        "repo": "helium-browser-nix-flake",
        "type": "github"
      }
    },
    "home-manager": {
      "inputs": {
        "nixpkgs": [
          "nixpkgs"
        ]
      },
      "locked": {
        "lastModified": 1786031233,
        "narHash": "sha256-TIDlLTLI1/pB7IqgjzcKQjpODQsZE2oII4XGG9B6KjI=",
        "owner": "nix-community",
        "repo": "home-manager",
        "rev": "7834e82588860aaf780cec1366524456a70898d7",
        "type": "github"
      },
      "original": {
        "owner": "nix-community",
        "repo": "home-manager",
        "type": "github"
      }
    },
    "nixpkgs": {
      "locked": {
        "lastModified": 1785967620,
        "narHash": "sha256-IItrdb7Puk05RqOBWZYFC5X6Wl1sJmCfh5MWVHw5iMM=",
        "owner": "NixOS",
        "repo": "nixpkgs",
        "rev": "b7c2ada94fe99c15b0dbcf4d11fd7850b957a436",
        "type": "github"
      },
      "original": {
        "owner": "NixOS",
        "ref": "nixos-unstable",
        "repo": "nixpkgs",
        "type": "github"
      }
    },
    "nixpkgs-darwin": {
      "locked": {
        "lastModified": 1785067121,
        "narHash": "sha256-rdJdWxAcg5fnntU4DjPivPdVEN4F+VJavw+UWpEMeUI=",
        "owner": "NixOS",
        "repo": "nixpkgs",
        "rev": "329c3d2af6d1b618705150ea39f72c15eb4e613e",
        "type": "github"
      },
      "original": {
        "owner": "NixOS",
        "ref": "nixpkgs-26.05-darwin",
        "repo": "nixpkgs",
        "type": "github"
      }
    },
    "nixpkgs_2": {
      "locked": {
        "lastModified": 1785571196,
        "narHash": "sha256-xwSqxTsama0YTtS78+4YyCm6jJg09v78QWfP1cAyoVA=",
        "rev": "148bab9c1c3c53136ecb44a6ea356a0ed5b39b06",
        "type": "tarball",
        "url": "https://releases.nixos.org/nixos/unstable/nixos-26.11pre1045728.148bab9c1c3c/nixexprs.tar.xz"
      },
      "original": {
        "type": "tarball",
        "url": "https://channels.nixos.org/nixos-unstable/nixexprs.tar.xz"
      }
    },
    "noctalia": {
      "inputs": {
        "nixpkgs": "nixpkgs_2"
      },
      "locked": {
        "lastModified": 1786013897,
        "narHash": "sha256-u14Iaus6ROW6IWQUNGZ/IZJ3TcIUs1ngxn5sUMNnwMM=",
        "owner": "noctalia-dev",
        "repo": "noctalia",
        "rev": "0247e4c5e5268f8c2a5658b60b97cb5f2eca7766",
        "type": "github"
      },
      "original": {
        "owner": "noctalia-dev",
        "ref": "cachix",
        "repo": "noctalia",
        "type": "github"
      }
    },
    "patchset": {
      "flake": false,
      "locked": {
        "narHash": "sha256-93qsKWGYHwVvsAgQm3umSI61VqmQ3dvc2wSxgL+4NtI=",
        "type": "file",
        "url": "https://aur.archlinux.org/cgit/aur.git/plain/qt6ct-shenanigans.patch?h=qt6ct-kde"
      },
      "original": {
        "type": "file",
        "url": "https://aur.archlinux.org/cgit/aur.git/plain/qt6ct-shenanigans.patch?h=qt6ct-kde"
      }
    },
    "qt6ct-kde": {
      "inputs": {
        "nixpkgs": [
          "nixpkgs"
        ],
        "patchset": "patchset"
      },
      "locked": {
        "lastModified": 1784671279,
        "narHash": "sha256-3IWGBApMk+Htd40PWU8OjhGDMi0QeadfYYyzV96Sfj4=",
        "owner": "SeallEgg",
        "repo": "qt6ct-kde-flake",
        "rev": "3f21eb3f2ceca3a183482069fcd88826642d2e74",
        "type": "github"
      },
      "original": {
        "owner": "SeallEgg",
        "repo": "qt6ct-kde-flake",
        "type": "github"
      }
    },
    "root": {
      "inputs": {
        "helium": "helium",
        "home-manager": "home-manager",
        "nixpkgs": "nixpkgs",
        "noctalia": "noctalia",
        "qt6ct-kde": "qt6ct-kde"
      }
    },
    "systems": {
      "locked": {
        "lastModified": 1681028828,
        "narHash": "sha256-Vy1rq5AaRuLzOxct8nz4T6wlgyUR7zLU309k9mBC768=",
        "owner": "nix-systems",
        "repo": "default",
        "rev": "da67096a3b9bf56a91d16901293e51ba5b49a27e",
        "type": "github"
      },
      "original": {
        "owner": "nix-systems",
        "repo": "default",
        "type": "github"
      }
    },
    "utils": {
      "inputs": {
        "systems": "systems"
      },
      "locked": {
        "lastModified": 1731533236,
        "narHash": "sha256-l0KFg5HjrsfsO/JpG+r7fRrqm12kzFHyUHqHCVpMMbI=",
        "owner": "numtide",
        "repo": "flake-utils",
        "rev": "11707dc2f618dd54ca8739b309ec4fc024de578b",
        "type": "github"
      },
      "original": {
        "owner": "numtide",
        "repo": "flake-utils",
        "type": "github"
      }
    }
  },
  "root": "root",
  "version": 7
}
